PODS:
  - SDWebImage (5.0.4):
    - SDWebImage/Core (= 5.0.4)
  - SDWebImage/Core (5.0.4)
  - SVProgressHUD (2.2.5)

DEPENDENCIES:
  - SDWebImage (~> 5.0)
  - SVProgressHUD (from `https://github.com/SVProgressHUD/SVProgressHUD.git`)

SPEC REPOS:
  https://github.com/cocoapods/specs.git:
    - SDWebImage

EXTERNAL SOURCES:
  SVProgressHUD:
    :git: https://github.com/SVProgressHUD/SVProgressHUD.git

CHECKOUT OPTIONS:
  SVProgressHUD:
    :commit: e2a6aaa12321962cbe9fbecc370475f369c6566c
    :git: https://github.com/SVProgressHUD/SVProgressHUD.git

SPEC CHECKSUMS:
  SDWebImage: c739016e4bdf0a4a1f9a04b5e0385395ad63a282
  SVProgressHUD: 1428aafac632c1f86f62aa4243ec12008d7a51d6

PODFILE CHECKSUM: d13378078441294596bc706fafff0901fa6d01db

COCOAPODS: 1.6.1
